// !$*UTF8*$!
{
	archiveVersion = 1;
	classes = {
	};
	objectVersion = 56;
	objects = {

/* Begin PBXBuildFile section */
		2BFE71612965E16700424CE1 /* PokedexAsyncAwaitApp.swift in Sources */ = {isa = PBXBuildFile; fileRef = 2BFE71602965E16700424CE1 /* PokedexAsyncAwaitApp.swift */; };
		2BFE71632965E16700424CE1 /* ContentView.swift in Sources */ = {isa = PBXBuildFile; fileRef = 2BFE71622965E16700424CE1 /* ContentView.swift */; };
		2BFE71652965E16900424CE1 /* Assets.xcassets in Resources */ = {isa = PBXBuildFile; fileRef = 2BFE71642965E16900424CE1 /* Assets.xcassets */; };
		2BFE71682965E16900424CE1 /* Preview Assets.xcassets in Resources */ = {isa = PBXBuildFile; fileRef = 2BFE71672965E16900424CE1 /* Preview Assets.xcassets */; };
		2BFE71722965E69700424CE1 /* Pokemon.swift in Sources */ = {isa = PBXBuildFile; fileRef = 2BFE71712965E69700424CE1 /* Pokemon.swift */; };
		2BFE71742965E74000424CE1 /* PokedexViewModel.swift in Sources */ = {isa = PBXBuildFile; fileRef = 2BFE71732965E74000424CE1 /* PokedexViewModel.swift */; };
		2BFE7178296651AB00424CE1 /* PokemonRowView.swift in Sources */ = {isa = PBXBuildFile; fileRef = 2BFE7177296651AB00424CE1 /* PokemonRowView.swift */; };
		2BFE717A2966522C00424CE1 /* PokedexError.swift in Sources */ = {isa = PBXBuildFile; fileRef = 2BFE71792966522C00424CE1 /* PokedexError.swift */; };
/* End PBXBuildFile section */

/* Begin PBXFileReference section */
		2BFE715D2965E16700424CE1 /* PokedexAsyncAwait.app */ = {isa = PBXFileReference; explicitFileType = wrapper.application; includeInIndex = 0; path = PokedexAsyncAwait.app; sourceTree = BUILT_PRODUCTS_DIR; };
		2BFE71602965E16700424CE1 /* PokedexAsyncAwaitApp.swift */ = {isa = PBXFileReference; lastKnownFileType = sourcecode.swift; path = PokedexAsyncAwaitApp.swift; sourceTree = "<group>"; };
		2BFE71622965E16700424CE1 /* ContentView.swift */ = {isa = PBXFileReference; lastKnownFileType = sourcecode.swift; path = ContentView.swift; sourceTree = "<group>"; };
		2BFE71642965E16900424CE1 /* Assets.xcassets */ = {isa = PBXFileReference; lastKnownFileType = folder.assetcatalog; path = Assets.xcassets; sourceTree = "<group>"; };
		2BFE71672965E16900424CE1 /* Preview Assets.xcassets */ = {isa = PBXFileReference; lastKnownFileType = folder.assetcatalog; path = "Preview Assets.xcassets"; sourceTree = "<group>"; };
		2BFE71712965E69700424CE1 /* Pokemon.swift */ = {isa = PBXFileReference; lastKnownFileType = sourcecode.swift; path = Pokemon.swift; sourceTree = "<group>"; };
		2BFE71732965E74000424CE1 /* PokedexViewModel.swift */ = {isa = PBXFileReference; lastKnownFileType = sourcecode.swift; path = PokedexViewModel.swift; sourceTree = "<group>"; };
		2BFE7177296651AB00424CE1 /* PokemonRowView.swift */ = {isa = PBXFileReference; lastKnownFileType = sourcecode.swift; path = PokemonRowView.swift; sourceTree = "<group>"; };
		2BFE71792966522C00424CE1 /* PokedexError.swift */ = {isa = PBXFileReference; lastKnownFileType = sourcecode.swift; path = PokedexError.swift; sourceTree = "<group>"; };
/* End PBXFileReference section */

/* Begin PBXFrameworksBuildPhase section */
		2BFE715A2965E16700424CE1 /* Frameworks */ = {
			isa = PBXFrameworksBuildPhase;
			buildActionMask = 2147483647;
			files = (
			);
			runOnlyForDeploymentPostprocessing = 0;
		};
/* End PBXFrameworksBuildPhase section */

/* Begin PBXGroup section */
		2BFE71542965E16700424CE1 = {
			isa = PBXGroup;
			children = (
				2BFE715F2965E16700424CE1 /* PokedexAsyncAwait */,
				2BFE715E2965E16700424CE1 /* Products */,
			);
			sourceTree = "<group>";
		};
		2BFE715E2965E16700424CE1 /* Products */ = {
			isa = PBXGroup;
			children = (
				2BFE715D2965E16700424CE1 /* PokedexAsyncAwait.app */,
			);
			name = Products;
			sourceTree = "<group>";
		};
		2BFE715F2965E16700424CE1 /* PokedexAsyncAwait */ = {
			isa = PBXGroup;
			children = (
				2BFE717B2966527C00424CE1 /* App */,
				2BFE716E2965E68000424CE1 /* Model */,
				2BFE716F2965E68400424CE1 /* View */,
				2BFE71702965E68900424CE1 /* ViewModel */,
				2BFE71642965E16900424CE1 /* Assets.xcassets */,
				2BFE71662965E16900424CE1 /* Preview Content */,
			);
			path = PokedexAsyncAwait;
			sourceTree = "<group>";
		};
		2BFE71662965E16900424CE1 /* Preview Content */ = {
			isa = PBXGroup;
			children = (
				2BFE71672965E16900424CE1 /* Preview Assets.xcassets */,
			);
			path = "Preview Content";
			sourceTree = "<group>";
		};
		2BFE716E2965E68000424CE1 /* Model */ = {
			isa = PBXGroup;
			children = (
				2BFE71712965E69700424CE1 /* Pokemon.swift */,
				2BFE71792966522C00424CE1 /* PokedexError.swift */,
			);
			path = Model;
			sourceTree = "<group>";
		};
		2BFE716F2965E68400424CE1 /* View */ = {
			isa = PBXGroup;
			children = (
				2BFE71622965E16700424CE1 /* ContentView.swift */,
				2BFE7177296651AB00424CE1 /* PokemonRowView.swift */,
			);
			path = View;
			sourceTree = "<group>";
		};
		2BFE71702965E68900424CE1 /* ViewModel */ = {
			isa = PBXGroup;
			children = (
				2BFE71732965E74000424CE1 /* PokedexViewModel.swift */,
			);
			path = ViewModel;
			sourceTree = "<group>";
		};
		2BFE717B2966527C00424CE1 /* App */ = {
			isa = PBXGroup;
			children = (
				2BFE71602965E16700424CE1 /* PokedexAsyncAwaitApp.swift */,
			);
			path = App;
			sourceTree = "<group>";
		};
/* End PBXGroup section */

/* Begin PBXNativeTarget section */
		2BFE715C2965E16700424CE1 /* PokedexAsyncAwait */ = {
			isa = PBXNativeTarget;
			buildConfigurationList = 2BFE716B2965E16900424CE1 /* Build configuration list for PBXNativeTarget "PokedexAsyncAwait" */;
			buildPhases = (
				2BFE71592965E16700424CE1 /* Sources */,
				2BFE715A2965E16700424CE1 /* Frameworks */,
				2BFE715B2965E16700424CE1 /* Resources */,
			);
			buildRules = (
			);
			dependencies = (
			);
			name = PokedexAsyncAwait;
			productName = PokedexAsyncAwait;
			productReference = 2BFE715D2965E16700424CE1 /* PokedexAsyncAwait.app */;
			productType = "com.apple.product-type.application";
		};
/* End PBXNativeTarget section */

/* Begin PBXProject section */
		2BFE71552965E16700424CE1 /* Project object */ = {
			isa = PBXProject;
			attributes = {
				BuildIndependentTargetsInParallel = 1;
				LastSwiftUpdateCheck = 1420;
				LastUpgradeCheck = 1420;
				TargetAttributes = {
					2BFE715C2965E16700424CE1 = {
						CreatedOnToolsVersion = 14.2;
					};
				};
			};
			buildConfigurationList = 2BFE71582965E16700424CE1 /* Build configuration list for PBXProject "PokedexAsyncAwait" */;
			compatibilityVersion = "Xcode 14.0";
			developmentRegion = en;
			hasScannedForEncodings = 0;
			knownRegions = (
				en,
				Base,
			);
			mainGroup = 2BFE71542965E16700424CE1;
			productRefGroup = 2BFE715E2965E16700424CE1 /* Products */;
			projectDirPath = "";
			projectRoot = "";
			targets = (
				2BFE715C2965E16700424CE1 /* PokedexAsyncAwait */,
			);
		};
/* End PBXProject section */

/* Begin PBXResourcesBuildPhase section */
		2BFE715B2965E16700424CE1 /* Resources */ = {
			isa = PBXResourcesBuildPhase;
			buildActionMask = 2147483647;
			files = (
				2BFE71682965E16900424CE1 /* Preview Assets.xcassets in Resources */,
				2BFE71652965E16900424CE1 /* Assets.xcassets in Resources */,
			);
			runOnlyForDeploymentPostprocessing = 0;
		};
/* End PBXResourcesBuildPhase section */

/* Begin PBXSourcesBuildPhase section */
		2BFE71592965E16700424CE1 /* Sources */ = {
			isa = PBXSourcesBuildPhase;
			buildActionMask = 2147483647;
			files = (
				2BFE71632965E16700424CE1 /* ContentView.swift in Sources */,
				2BFE717A2966522C00424CE1 /* PokedexError.swift in Sources */,
				2BFE7178296651AB00424CE1 /* PokemonRowView.swift in Sources */,
				2BFE71742965E74000424CE1 /* PokedexViewModel.swift in Sources */,
				2BFE71612965E16700424CE1 /* PokedexAsyncAwaitApp.swift in Sources */,
				2BFE71722965E69700424CE1 /* Pokemon.swift in Sources */,
			);
			runOnlyForDeploymentPostprocessing = 0;
		};
/* End PBXSourcesBuildPhase section */

/* Begin XCBuildConfiguration section */
		2BFE71692965E16900424CE1 /* Debug */ = {
			isa = XCBuildConfiguration;
			buildSettings = {
				ALWAYS_SEARCH_USER_PATHS = NO;
				CLANG_ANALYZER_NONNULL = YES;
				CLANG_ANALYZER_NUMBER_OBJECT_CONVERSION = YES_AGGRESSIVE;
				CLANG_CXX_LANGUAGE_STANDARD = "gnu++20";
				CLANG_ENABLE_MODULES = YES;
				CLANG_ENABLE_OBJC_ARC = YES;
				CLANG_ENABLE_OBJC_WEAK = YES;
				CLANG_WARN_BLOCK_CAPTURE_AUTORELEASING = YES;
				CLANG_WARN_BOOL_CONVERSION = YES;
				CLANG_WARN_COMMA = YES;
				CLANG_WARN_CONSTANT_CONVERSION = YES;
				CLANG_WARN_DEPRECATED_OBJC_IMPLEMENTATIONS = YES;
				CLANG_WARN_DIRECT_OBJC_ISA_USAGE = YES_ERROR;
				CLANG_WARN_DOCUMENTATION_COMMENTS = YES;
				CLANG_WARN_EMPTY_BODY = YES;
				CLANG_WARN_ENUM_CONVERSION = YES;
				CLANG_WARN_INFINITE_RECURSION = YES;
				CLANG_WARN_INT_CONVERSION = YES;
				CLANG_WARN_NON_LITERAL_NULL_CONVERSION = YES;
				CLANG_WARN_OBJC_IMPLICIT_RETAIN_SELF = YES;
				CLANG_WARN_OBJC_LITERAL_CONVERSION = YES;
				CLANG_WARN_OBJC_ROOT_CLASS = YES_ERROR;
				CLANG_WARN_QUOTED_INCLUDE_IN_FRAMEWORK_HEADER = YES;
				CLANG_WARN_RANGE_LOOP_ANALYSIS = YES;
				CLANG_WARN_STRICT_PROTOTYPES = YES;
				CLANG_WARN_SUSPICIOUS_MOVE = YES;
				CLANG_WARN_UNGUARDED_AVAILABILITY = YES_AGGRESSIVE;
				CLANG_WARN_UNREACHABLE_CODE = YES;
				CLANG_WARN__DUPLICATE_METHOD_MATCH = YES;
				COPY_PHASE_STRIP = NO;
				DEBUG_INFORMATION_FORMAT = dwarf;
				ENABLE_STRICT_OBJC_MSGSEND = YES;
				ENABLE_TESTABILITY = YES;
				GCC_C_LANGUAGE_STANDARD = gnu11;
				GCC_DYNAMIC_NO_PIC = NO;
				GCC_NO_COMMON_BLOCKS = YES;
				GCC_OPTIMIZATION_LEVEL = 0;
				GCC_PREPROCESSOR_DEFINITIONS = (
					"DEBUG=1",
					"$(inherited)",
				);
				GCC_WARN_64_TO_32_BIT_CONVERSION = YES;
				GCC_WARN_ABOUT_RETURN_TYPE = YES_ERROR;
				GCC_WARN_UNDECLARED_SELECTOR = YES;
				GCC_WARN_UNINITIALIZED_AUTOS = YES_AGGRESSIVE;
				GCC_WARN_UNUSED_FUNCTION = YES;
				GCC_WARN_UNUSED_VARIABLE = YES;
				IPHONEOS_DEPLOYMENT_TARGET = 16.2;
				MTL_ENABLE_DEBUG_INFO = INCLUDE_SOURCE;
				MTL_FAST_MATH = YES;
				ONLY_ACTIVE_ARCH = YES;
				SDKROOT = iphoneos;
				SWIFT_ACTIVE_COMPILATION_CONDITIONS = DEBUG;
				SWIFT_OPTIMIZATION_LEVEL = "-Onone";
			};
			name = Debug;
		};
		2BFE716A2965E16900424CE1 /* Release */ = {
			isa = XCBuildConfiguration;
			buildSettings = {
				ALWAYS_SEARCH_USER_PATHS = NO;
				CLANG_ANALYZER_NONNULL = YES;
				CLANG_ANALYZER_NUMBER_OBJECT_CONVERSION = YES_AGGRESSIVE;
				CLANG_CXX_LANGUAGE_STANDARD = "gnu++20";
				CLANG_ENABLE_MODULES = YES;
				CLANG_ENABLE_OBJC_ARC = YES;
				CLANG_ENABLE_OBJC_WEAK = YES;
				CLANG_WARN_BLOCK_CAPTURE_AUTORELEASING = YES;
				CLANG_WARN_BOOL_CONVERSION = YES;
				CLANG_WARN_COMMA = YES;
				CLANG_WARN_CONSTANT_CONVERSION = YES;
				CLANG_WARN_DEPRECATED_OBJC_IMPLEMENTATIONS = YES;
				CLANG_WARN_DIRECT_OBJC_ISA_USAGE = YES_ERROR;
				CLANG_WARN_DOCUMENTATION_COMMENTS = YES;
				CLANG_WARN_EMPTY_BODY = YES;
				CLANG_WARN_ENUM_CONVERSION = YES;
				CLANG_WARN_INFINITE_RECURSION = YES;
				CLANG_WARN_INT_CONVERSION = YES;
				CLANG_WARN_NON_LITERAL_NULL_CONVERSION = YES;
				CLANG_WARN_OBJC_IMPLICIT_RETAIN_SELF = YES;
				CLANG_WARN_OBJC_LITERAL_CONVERSION = YES;
				CLANG_WARN_OBJC_ROOT_CLASS = YES_ERROR;
				CLANG_WARN_QUOTED_INCLUDE_IN_FRAMEWORK_HEADER = YES;
				CLANG_WARN_RANGE_LOOP_ANALYSIS = YES;
				CLANG_WARN_STRICT_PROTOTYPES = YES;
				CLANG_WARN_SUSPICIOUS_MOVE = YES;
				CLANG_WARN_UNGUARDED_AVAILABILITY = YES_AGGRESSIVE;
				CLANG_WARN_UNREACHABLE_CODE = YES;
				CLANG_WARN__DUPLICATE_METHOD_MATCH = YES;
				COPY_PHASE_STRIP = NO;
				DEBUG_INFORMATION_FORMAT = "dwarf-with-dsym";
				ENABLE_NS_ASSERTIONS = NO;
				ENABLE_STRICT_OBJC_MSGSEND = YES;
				GCC_C_LANGUAGE_STANDARD = gnu11;
				GCC_NO_COMMON_BLOCKS = YES;
				GCC_WARN_64_TO_32_BIT_CONVERSION = YES;
				GCC_WARN_ABOUT_RETURN_TYPE = YES_ERROR;
				GCC_WARN_UNDECLARED_SELECTOR = YES;
				GCC_WARN_UNINITIALIZED_AUTOS = YES_AGGRESSIVE;
				GCC_WARN_UNUSED_FUNCTION = YES;
				GCC_WARN_UNUSED_VARIABLE = YES;
				IPHONEOS_DEPLOYMENT_TARGET = 16.2;
				MTL_ENABLE_DEBUG_INFO = NO;
				MTL_FAST_MATH = YES;
				SDKROOT = iphoneos;
				SWIFT_COMPILATION_MODE = wholemodule;
				SWIFT_OPTIMIZATION_LEVEL = "-O";
				VALIDATE_PRODUCT = YES;
			};
			name = Release;
		};
		2BFE716C2965E16900424CE1 /* Debug */ = {
			isa = XCBuildConfiguration;
			buildSettings = {
				ASSETCATALOG_COMPILER_APPICON_NAME = AppIcon;
				ASSETCATALOG_COMPILER_GLOBAL_ACCENT_COLOR_NAME = AccentColor;
				CODE_SIGN_STYLE = Automatic;
				CURRENT_PROJECT_VERSION = 1;
				DEVELOPMENT_ASSET_PATHS = "\"PokedexAsyncAwait/Preview Content\"";
				DEVELOPMENT_TEAM = LF78THV97C;
				ENABLE_PREVIEWS = YES;
				GENERATE_INFOPLIST_FILE = YES;
				INFOPLIST_KEY_UIApplicationSceneManifest_Generation = YES;
				INFOPLIST_KEY_UIApplicationSupportsIndirectInputEvents = YES;
				INFOPLIST_KEY_UILaunchScreen_Generation = YES;
				INFOPLIST_KEY_UISupportedInterfaceOrientations_iPad = "UIInterfaceOrientationPortrait UIInterfaceOrientationPortraitUpsideDown UIInterfaceOrientationLandscapeLeft UIInterfaceOrientationLandscapeRight";
				INFOPLIST_KEY_UISupportedInterfaceOrientations_iPhone = "UIInterfaceOrientationPortrait UIInterfaceOrientationLandscapeLeft UIInterfaceOrientationLandscapeRight";
				LD_RUNPATH_SEARCH_PATHS = (
					"$(inherited)",
					"@executable_path/Frameworks",
				);
				MARKETING_VERSION = 1.0;
				PRODUCT_BUNDLE_IDENTIFIER = com.stephandowless.PokedexAsyncAwait;
				PRODUCT_NAME = "$(TARGET_NAME)";
				SWIFT_EMIT_LOC_STRINGS = YES;
				SWIFT_VERSION = 5.0;
				TARGETED_DEVICE_FAMILY = "1,2";
			};
			name = Debug;
		};
		2BFE716D2965E16900424CE1 /* Release */ = {
			isa = XCBuildConfiguration;
			buildSettings = {
				ASSETCATALOG_COMPILER_APPICON_NAME = AppIcon;
				ASSETCATALOG_COMPILER_GLOBAL_ACCENT_COLOR_NAME = AccentColor;
				CODE_SIGN_STYLE = Automatic;
				CURRENT_PROJECT_VERSION = 1;
				DEVELOPMENT_ASSET_PATHS = "\"PokedexAsyncAwait/Preview Content\"";
				DEVELOPMENT_TEAM = LF78THV97C;
				ENABLE_PREVIEWS = YES;
				GENERATE_INFOPLIST_FILE = YES;
				INFOPLIST_KEY_UIApplicationSceneManifest_Generation = YES;
				INFOPLIST_KEY_UIApplicationSupportsIndirectInputEvents = YES;
				INFOPLIST_KEY_UILaunchScreen_Generation = YES;
				INFOPLIST_KEY_UISupportedInterfaceOrientations_iPad = "UIInterfaceOrientationPortrait UIInterfaceOrientationPortraitUpsideDown UIInterfaceOrientationLandscapeLeft UIInterfaceOrientationLandscapeRight";
				INFOPLIST_KEY_UISupportedInterfaceOrientations_iPhone = "UIInterfaceOrientationPortrait UIInterfaceOrientationLandscapeLeft UIInterfaceOrientationLandscapeRight";
				LD_RUNPATH_SEARCH_PATHS = (
					"$(inherited)",
					"@executable_path/Frameworks",
				);
				MARKETING_VERSION = 1.0;
				PRODUCT_BUNDLE_IDENTIFIER = com.stephandowless.PokedexAsyncAwait;
				PRODUCT_NAME = "$(TARGET_NAME)";
				SWIFT_EMIT_LOC_STRINGS = YES;
				SWIFT_VERSION = 5.0;
				TARGETED_DEVICE_FAMILY = "1,2";
			};
			name = Release;
		};
/* End XCBuildConfiguration section */

/* Begin XCConfigurationList section */
		2BFE71582965E16700424CE1 /* Build configuration list for PBXProject "PokedexAsyncAwait" */ = {
			isa = XCConfigurationList;
			buildConfigurations = (
				2BFE71692965E16900424CE1 /* Debug */,
				2BFE716A2965E16900424CE1 /* Release */,
			);
			defaultConfigurationIsVisible = 0;
			defaultConfigurationName = Release;
		};
		2BFE716B2965E16900424CE1 /* Build configuration list for PBXNativeTarget "PokedexAsyncAwait" */ = {
			isa = XCConfigurationList;
			buildConfigurations = (
				2BFE716C2965E16900424CE1 /* Debug */,
				2BFE716D2965E16900424CE1 /* Release */,
			);
			defaultConfigurationIsVisible = 0;
			defaultConfigurationName = Release;
		};
/* End XCConfigurationList section */
	};
	rootObject = 2BFE71552965E16700424CE1 /* Project object */;
}
